
Microsoft Visual Studio Solution File, Format Version 12.00
# Visual Studio 15
VisualStudioVersion = 15.0.27130.2024
MinimumVisualStudioVersion = 10.0.40219.1
Project("{FAE04EC0-301F-11D3-BF4B-00C04F79EFBC}") = "DemoBindings", "DemoBindings\DemoBindings.csproj", "{D95CEA1F-1BD9-4941-A9D3-72C3C69E62DE}"
EndProject
Global
	GlobalSection(SolutionConfigurationPlatforms) = preSolution
		Debug|Any CPU = Debug|Any CPU
		Release|Any CPU = Release|Any CPU
	EndGlobalSection
	GlobalSection(ProjectConfigurationPlatforms) = postSolution
		{D95CEA1F-1BD9-4941-A9D3-72C3C69E62DE}.Debug|Any CPU.ActiveCfg = Debug|Any CPU
		{D95CEA1F-1BD9-4941-A9D3-72C3C69E62DE}.Debug|Any CPU.Build.0 = Debug|Any CPU
		{D95CEA1F-1BD9-4941-A9D3-72C3C69E62DE}.Release|Any CPU.ActiveCfg = Release|Any CPU
		{D95CEA1F-1BD9-4941-A9D3-72C3C69E62DE}.Release|Any CPU.Build.0 = Release|Any CPU
	EndGlobalSection
	GlobalSection(SolutionProperties) = preSolution
		HideSolutionNode = FALSE
	EndGlobalSection
	GlobalSection(ExtensibilityGlobals) = postSolution
		SolutionGuid = {47AB448A-4586-4EC0-ABDD-D9F286E09534}
	EndGlobalSection
EndGlobal
